// !$*UTF8*$!
{
	archiveVersion = 1;
	classes = {
	};
	objectVersion = 50;
	objects = {

/* Begin PBXBuildFile section */
		ED1AC1922417D98B0041B317 /* Virtual.swift in Sources */ = {isa = PBXBuildFile; fileRef = ED1AC1912417D98B0041B317 /* Virtual.swift */; };
		ED1AC1952417DBD10041B317 /* Unicode.swift in Sources */ = {isa = PBXBuildFile; fileRef = ED1AC1942417DBD10041B317 /* Unicode.swift */; };
		EDD3835023F52864004D2B6D /* main.swift in Sources */ = {isa = PBXBuildFile; fileRef = EDD3834F23F52864004D2B6D /* main.swift */; };
		EDDA075824000F6E00304C64 /* LexParser.swift in Sources */ = {isa = PBXBuildFile; fileRef = EDDA075724000F6E00304C64 /* LexParser.swift */; };
		EDDA075E24001B5C00304C64 /* Object.swift in Sources */ = {isa = PBXBuildFile; fileRef = EDDA075D24001B5C00304C64 /* Object.swift */; };
/* End PBXBuildFile section */

/* Begin PBXCopyFilesBuildPhase section */
		EDD3834A23F52864004D2B6D /* CopyFiles */ = {
			isa = PBXCopyFilesBuildPhase;
			buildActionMask = 2147483647;
			dstPath = /usr/share/man/man1/;
			dstSubfolderSpec = 0;
			files = (
			);
			runOnlyForDeploymentPostprocessing = 1;
		};
/* End PBXCopyFilesBuildPhase section */

/* Begin PBXFileReference section */
		ED1AC1912417D98B0041B317 /* Virtual.swift */ = {isa = PBXFileReference; lastKnownFileType = sourcecode.swift; path = Virtual.swift; sourceTree = "<group>"; };
		ED1AC1942417DBD10041B317 /* Unicode.swift */ = {isa = PBXFileReference; lastKnownFileType = sourcecode.swift; path = Unicode.swift; sourceTree = "<group>"; };
		EDD3834C23F52864004D2B6D /* PomeloLanguage */ = {isa = PBXFileReference; explicitFileType = "compiled.mach-o.executable"; includeInIndex = 0; path = PomeloLanguage; sourceTree = BUILT_PRODUCTS_DIR; };
		EDD3834F23F52864004D2B6D /* main.swift */ = {isa = PBXFileReference; lastKnownFileType = sourcecode.swift; path = main.swift; sourceTree = "<group>"; };
		EDDA075724000F6E00304C64 /* LexParser.swift */ = {isa = PBXFileReference; lastKnownFileType = sourcecode.swift; path = LexParser.swift; sourceTree = "<group>"; };
		EDDA075D24001B5C00304C64 /* Object.swift */ = {isa = PBXFileReference; lastKnownFileType = sourcecode.swift; path = Object.swift; sourceTree = "<group>"; };
/* End PBXFileReference section */

/* Begin PBXFrameworksBuildPhase section */
		EDD3834923F52864004D2B6D /* Frameworks */ = {
			isa = PBXFrameworksBuildPhase;
			buildActionMask = 2147483647;
			files = (
			);
			runOnlyForDeploymentPostprocessing = 0;
		};
/* End PBXFrameworksBuildPhase section */

/* Begin PBXGroup section */
		ED1AC1932417DBA90041B317 /* Util */ = {
			isa = PBXGroup;
			children = (
				ED1AC1942417DBD10041B317 /* Unicode.swift */,
			);
			path = Util;
			sourceTree = "<group>";
		};
		EDD3834323F52864004D2B6D = {
			isa = PBXGroup;
			children = (
				EDD3834E23F52864004D2B6D /* PomeloLanguage */,
				EDD3834D23F52864004D2B6D /* Products */,
			);
			sourceTree = "<group>";
		};
		EDD3834D23F52864004D2B6D /* Products */ = {
			isa = PBXGroup;
			children = (
				EDD3834C23F52864004D2B6D /* PomeloLanguage */,
			);
			name = Products;
			sourceTree = "<group>";
		};
		EDD3834E23F52864004D2B6D /* PomeloLanguage */ = {
			isa = PBXGroup;
			children = (
				ED1AC1932417DBA90041B317 /* Util */,
				EDDA075C24001AE300304C64 /* Object */,
				EDDA07592400116C00304C64 /* Virtual */,
				EDDA075624000F2E00304C64 /* LexParser */,
				EDD3834F23F52864004D2B6D /* main.swift */,
			);
			path = PomeloLanguage;
			sourceTree = "<group>";
		};
		EDDA075624000F2E00304C64 /* LexParser */ = {
			isa = PBXGroup;
			children = (
				EDDA075724000F6E00304C64 /* LexParser.swift */,
			);
			path = LexParser;
			sourceTree = "<group>";
		};
		EDDA07592400116C00304C64 /* Virtual */ = {
			isa = PBXGroup;
			children = (
				ED1AC1912417D98B0041B317 /* Virtual.swift */,
			);
			path = Virtual;
			sourceTree = "<group>";
		};
		EDDA075C24001AE300304C64 /* Object */ = {
			isa = PBXGroup;
			children = (
				EDDA075D24001B5C00304C64 /* Object.swift */,
			);
			path = Object;
			sourceTree = "<group>";
		};
/* End PBXGroup section */

/* Begin PBXNativeTarget section */
		EDD3834B23F52864004D2B6D /* PomeloLanguage */ = {
			isa = PBXNativeTarget;
			buildConfigurationList = EDD3835323F52864004D2B6D /* Build configuration list for PBXNativeTarget "PomeloLanguage" */;
			buildPhases = (
				EDD3834823F52864004D2B6D /* Sources */,
				EDD3834923F52864004D2B6D /* Frameworks */,
				EDD3834A23F52864004D2B6D /* CopyFiles */,
			);
			buildRules = (
			);
			dependencies = (
			);
			name = PomeloLanguage;
			productName = PomeloLanguage;
			productReference = EDD3834C23F52864004D2B6D /* PomeloLanguage */;
			productType = "com.apple.product-type.tool";
		};
/* End PBXNativeTarget section */

/* Begin PBXProject section */
		EDD3834423F52864004D2B6D /* Project object */ = {
			isa = PBXProject;
			attributes = {
				LastSwiftUpdateCheck = 1100;
				LastUpgradeCheck = 1100;
				ORGANIZATIONNAME = "徐仲平";
				TargetAttributes = {
					EDD3834B23F52864004D2B6D = {
						CreatedOnToolsVersion = 11.0;
					};
				};
			};
			buildConfigurationList = EDD3834723F52864004D2B6D /* Build configuration list for PBXProject "PomeloLanguage" */;
			compatibilityVersion = "Xcode 9.3";
			developmentRegion = en;
			hasScannedForEncodings = 0;
			knownRegions = (
				en,
				Base,
			);
			mainGroup = EDD3834323F52864004D2B6D;
			productRefGroup = EDD3834D23F52864004D2B6D /* Products */;
			projectDirPath = "";
			projectRoot = "";
			targets = (
				EDD3834B23F52864004D2B6D /* PomeloLanguage */,
			);
		};
/* End PBXProject section */

/* Begin PBXSourcesBuildPhase section */
		EDD3834823F52864004D2B6D /* Sources */ = {
			isa = PBXSourcesBuildPhase;
			buildActionMask = 2147483647;
			files = (
				EDDA075824000F6E00304C64 /* LexParser.swift in Sources */,
				EDD3835023F52864004D2B6D /* main.swift in Sources */,
				EDDA075E24001B5C00304C64 /* Object.swift in Sources */,
				ED1AC1952417DBD10041B317 /* Unicode.swift in Sources */,
				ED1AC1922417D98B0041B317 /* Virtual.swift in Sources */,
			);
			runOnlyForDeploymentPostprocessing = 0;
		};
/* End PBXSourcesBuildPhase section */

/* Begin XCBuildConfiguration section */
		EDD3835123F52864004D2B6D /* Debug */ = {
			isa = XCBuildConfiguration;
			buildSettings = {
				ALWAYS_SEARCH_USER_PATHS = NO;
				CLANG_ANALYZER_NONNULL = YES;
				CLANG_ANALYZER_NUMBER_OBJECT_CONVERSION = YES_AGGRESSIVE;
				CLANG_CXX_LANGUAGE_STANDARD = "gnu++14";
				CLANG_CXX_LIBRARY = "libc++";
				CLANG_ENABLE_MODULES = YES;
				CLANG_ENABLE_OBJC_ARC = YES;
				CLANG_ENABLE_OBJC_WEAK = YES;
				CLANG_WARN_BLOCK_CAPTURE_AUTORELEASING = YES;
				CLANG_WARN_BOOL_CONVERSION = YES;
				CLANG_WARN_COMMA = YES;
				CLANG_WARN_CONSTANT_CONVERSION = YES;
				CLANG_WARN_DEPRECATED_OBJC_IMPLEMENTATIONS = YES;
				CLANG_WARN_DIRECT_OBJC_ISA_USAGE = YES_ERROR;
				CLANG_WARN_DOCUMENTATION_COMMENTS = YES;
				CLANG_WARN_EMPTY_BODY = YES;
				CLANG_WARN_ENUM_CONVERSION = YES;
				CLANG_WARN_INFINITE_RECURSION = YES;
				CLANG_WARN_INT_CONVERSION = YES;
				CLANG_WARN_NON_LITERAL_NULL_CONVERSION = YES;
				CLANG_WARN_OBJC_IMPLICIT_RETAIN_SELF = YES;
				CLANG_WARN_OBJC_LITERAL_CONVERSION = YES;
				CLANG_WARN_OBJC_ROOT_CLASS = YES_ERROR;
				CLANG_WARN_RANGE_LOOP_ANALYSIS = YES;
				CLANG_WARN_STRICT_PROTOTYPES = YES;
				CLANG_WARN_SUSPICIOUS_MOVE = YES;
				CLANG_WARN_UNGUARDED_AVAILABILITY = YES_AGGRESSIVE;
				CLANG_WARN_UNREACHABLE_CODE = YES;
				CLANG_WARN__DUPLICATE_METHOD_MATCH = YES;
				COPY_PHASE_STRIP = NO;
				DEBUG_INFORMATION_FORMAT = dwarf;
				ENABLE_STRICT_OBJC_MSGSEND = YES;
				ENABLE_TESTABILITY = YES;
				GCC_C_LANGUAGE_STANDARD = gnu11;
				GCC_DYNAMIC_NO_PIC = NO;
				GCC_NO_COMMON_BLOCKS = YES;
				GCC_OPTIMIZATION_LEVEL = 0;
				GCC_PREPROCESSOR_DEFINITIONS = (
					"DEBUG=1",
					"$(inherited)",
				);
				GCC_WARN_64_TO_32_BIT_CONVERSION = YES;
				GCC_WARN_ABOUT_RETURN_TYPE = YES_ERROR;
				GCC_WARN_UNDECLARED_SELECTOR = YES;
				GCC_WARN_UNINITIALIZED_AUTOS = YES_AGGRESSIVE;
				GCC_WARN_UNUSED_FUNCTION = YES;
				GCC_WARN_UNUSED_VARIABLE = YES;
				MACOSX_DEPLOYMENT_TARGET = 10.15;
				MTL_ENABLE_DEBUG_INFO = INCLUDE_SOURCE;
				MTL_FAST_MATH = YES;
				ONLY_ACTIVE_ARCH = YES;
				SDKROOT = macosx;
				SWIFT_ACTIVE_COMPILATION_CONDITIONS = DEBUG;
				SWIFT_OPTIMIZATION_LEVEL = "-Onone";
			};
			name = Debug;
		};
		EDD3835223F52864004D2B6D /* Release */ = {
			isa = XCBuildConfiguration;
			buildSettings = {
				ALWAYS_SEARCH_USER_PATHS = NO;
				CLANG_ANALYZER_NONNULL = YES;
				CLANG_ANALYZER_NUMBER_OBJECT_CONVERSION = YES_AGGRESSIVE;
				CLANG_CXX_LANGUAGE_STANDARD = "gnu++14";
				CLANG_CXX_LIBRARY = "libc++";
				CLANG_ENABLE_MODULES = YES;
				CLANG_ENABLE_OBJC_ARC = YES;
				CLANG_ENABLE_OBJC_WEAK = YES;
				CLANG_WARN_BLOCK_CAPTURE_AUTORELEASING = YES;
				CLANG_WARN_BOOL_CONVERSION = YES;
				CLANG_WARN_COMMA = YES;
				CLANG_WARN_CONSTANT_CONVERSION = YES;
				CLANG_WARN_DEPRECATED_OBJC_IMPLEMENTATIONS = YES;
				CLANG_WARN_DIRECT_OBJC_ISA_USAGE = YES_ERROR;
				CLANG_WARN_DOCUMENTATION_COMMENTS = YES;
				CLANG_WARN_EMPTY_BODY = YES;
				CLANG_WARN_ENUM_CONVERSION = YES;
				CLANG_WARN_INFINITE_RECURSION = YES;
				CLANG_WARN_INT_CONVERSION = YES;
				CLANG_WARN_NON_LITERAL_NULL_CONVERSION = YES;
				CLANG_WARN_OBJC_IMPLICIT_RETAIN_SELF = YES;
				CLANG_WARN_OBJC_LITERAL_CONVERSION = YES;
				CLANG_WARN_OBJC_ROOT_CLASS = YES_ERROR;
				CLANG_WARN_RANGE_LOOP_ANALYSIS = YES;
				CLANG_WARN_STRICT_PROTOTYPES = YES;
				CLANG_WARN_SUSPICIOUS_MOVE = YES;
				CLANG_WARN_UNGUARDED_AVAILABILITY = YES_AGGRESSIVE;
				CLANG_WARN_UNREACHABLE_CODE = YES;
				CLANG_WARN__DUPLICATE_METHOD_MATCH = YES;
				COPY_PHASE_STRIP = NO;
				DEBUG_INFORMATION_FORMAT = "dwarf-with-dsym";
				ENABLE_NS_ASSERTIONS = NO;
				ENABLE_STRICT_OBJC_MSGSEND = YES;
				GCC_C_LANGUAGE_STANDARD = gnu11;
				GCC_NO_COMMON_BLOCKS = YES;
				GCC_WARN_64_TO_32_BIT_CONVERSION = YES;
				GCC_WARN_ABOUT_RETURN_TYPE = YES_ERROR;
				GCC_WARN_UNDECLARED_SELECTOR = YES;
				GCC_WARN_UNINITIALIZED_AUTOS = YES_AGGRESSIVE;
				GCC_WARN_UNUSED_FUNCTION = YES;
				GCC_WARN_UNUSED_VARIABLE = YES;
				MACOSX_DEPLOYMENT_TARGET = 10.15;
				MTL_ENABLE_DEBUG_INFO = NO;
				MTL_FAST_MATH = YES;
				SDKROOT = macosx;
				SWIFT_COMPILATION_MODE = wholemodule;
				SWIFT_OPTIMIZATION_LEVEL = "-O";
			};
			name = Release;
		};
		EDD3835423F52864004D2B6D /* Debug */ = {
			isa = XCBuildConfiguration;
			buildSettings = {
				CODE_SIGN_STYLE = Automatic;
				DEVELOPMENT_TEAM = 94Z9LKE2W7;
				ENABLE_HARDENED_RUNTIME = YES;
				PRODUCT_NAME = "$(TARGET_NAME)";
				SWIFT_VERSION = 5.0;
			};
			name = Debug;
		};
		EDD3835523F52864004D2B6D /* Release */ = {
			isa = XCBuildConfiguration;
			buildSettings = {
				CODE_SIGN_STYLE = Automatic;
				DEVELOPMENT_TEAM = 94Z9LKE2W7;
				ENABLE_HARDENED_RUNTIME = YES;
				PRODUCT_NAME = "$(TARGET_NAME)";
				SWIFT_VERSION = 5.0;
			};
			name = Release;
		};
/* End XCBuildConfiguration section */

/* Begin XCConfigurationList section */
		EDD3834723F52864004D2B6D /* Build configuration list for PBXProject "PomeloLanguage" */ = {
			isa = XCConfigurationList;
			buildConfigurations = (
				EDD3835123F52864004D2B6D /* Debug */,
				EDD3835223F52864004D2B6D /* Release */,
			);
			defaultConfigurationIsVisible = 0;
			defaultConfigurationName = Release;
		};
		EDD3835323F52864004D2B6D /* Build configuration list for PBXNativeTarget "PomeloLanguage" */ = {
			isa = XCConfigurationList;
			buildConfigurations = (
				EDD3835423F52864004D2B6D /* Debug */,
				EDD3835523F52864004D2B6D /* Release */,
			);
			defaultConfigurationIsVisible = 0;
			defaultConfigurationName = Release;
		};
/* End XCConfigurationList section */
	};
	rootObject = EDD3834423F52864004D2B6D /* Project object */;
}
