// !$*UTF8*$!
{
	archiveVersion = 1;
	classes = {
	};
	objectVersion = 50;
	objects = {

/* Begin PBXBuildFile section */
		EDD71DCE23F2FDF600191639 /* main.cpp in Sources */ = {isa = PBXBuildFile; fileRef = EDD71DCD23F2FDF600191639 /* main.cpp */; };
		EDD722E923F457EB00191639 /* PLVM.cpp in Sources */ = {isa = PBXBuildFile; fileRef = EDD722E723F457EB00191639 /* PLVM.cpp */; };
		EDD722ED23F45A4000191639 /* PLLexParser.cpp in Sources */ = {isa = PBXBuildFile; fileRef = EDD722EB23F45A4000191639 /* PLLexParser.cpp */; };
		EDD722F123F45C6100191639 /* PLObject.cpp in Sources */ = {isa = PBXBuildFile; fileRef = EDD722EF23F45C6100191639 /* PLObject.cpp */; };
/* End PBXBuildFile section */

/* Begin PBXCopyFilesBuildPhase section */
		EDD71DC823F2FDF600191639 /* CopyFiles */ = {
			isa = PBXCopyFilesBuildPhase;
			buildActionMask = 2147483647;
			dstPath = /usr/share/man/man1/;
			dstSubfolderSpec = 0;
			files = (
			);
			runOnlyForDeploymentPostprocessing = 1;
		};
/* End PBXCopyFilesBuildPhase section */

/* Begin PBXFileReference section */
		EDD71DCA23F2FDF600191639 /* PomeloLanguage */ = {isa = PBXFileReference; explicitFileType = "compiled.mach-o.executable"; includeInIndex = 0; path = PomeloLanguage; sourceTree = BUILT_PRODUCTS_DIR; };
		EDD71DCD23F2FDF600191639 /* main.cpp */ = {isa = PBXFileReference; lastKnownFileType = sourcecode.cpp.cpp; path = main.cpp; sourceTree = "<group>"; };
		EDD722E723F457EB00191639 /* PLVM.cpp */ = {isa = PBXFileReference; lastKnownFileType = sourcecode.cpp.cpp; path = PLVM.cpp; sourceTree = "<group>"; };
		EDD722E823F457EB00191639 /* PLVM.hpp */ = {isa = PBXFileReference; lastKnownFileType = sourcecode.cpp.h; path = PLVM.hpp; sourceTree = "<group>"; };
		EDD722EB23F45A4000191639 /* PLLexParser.cpp */ = {isa = PBXFileReference; lastKnownFileType = sourcecode.cpp.cpp; path = PLLexParser.cpp; sourceTree = "<group>"; };
		EDD722EC23F45A4000191639 /* PLLexParser.hpp */ = {isa = PBXFileReference; lastKnownFileType = sourcecode.cpp.h; path = PLLexParser.hpp; sourceTree = "<group>"; };
		EDD722EF23F45C6100191639 /* PLObject.cpp */ = {isa = PBXFileReference; lastKnownFileType = sourcecode.cpp.cpp; path = PLObject.cpp; sourceTree = "<group>"; };
		EDD722F023F45C6100191639 /* PLObject.hpp */ = {isa = PBXFileReference; lastKnownFileType = sourcecode.cpp.h; path = PLObject.hpp; sourceTree = "<group>"; };
/* End PBXFileReference section */

/* Begin PBXFrameworksBuildPhase section */
		EDD71DC723F2FDF600191639 /* Frameworks */ = {
			isa = PBXFrameworksBuildPhase;
			buildActionMask = 2147483647;
			files = (
			);
			runOnlyForDeploymentPostprocessing = 0;
		};
/* End PBXFrameworksBuildPhase section */

/* Begin PBXGroup section */
		EDD71DC123F2FDF600191639 = {
			isa = PBXGroup;
			children = (
				EDD71DCC23F2FDF600191639 /* PomeloLanguage */,
				EDD71DCB23F2FDF600191639 /* Products */,
			);
			sourceTree = "<group>";
		};
		EDD71DCB23F2FDF600191639 /* Products */ = {
			isa = PBXGroup;
			children = (
				EDD71DCA23F2FDF600191639 /* PomeloLanguage */,
			);
			name = Products;
			sourceTree = "<group>";
		};
		EDD71DCC23F2FDF600191639 /* PomeloLanguage */ = {
			isa = PBXGroup;
			children = (
				EDD722EE23F45C4100191639 /* Object */,
				EDD722EA23F45A1500191639 /* LexParser */,
				EDD722E623F457BB00191639 /* vm */,
				EDD71DCD23F2FDF600191639 /* main.cpp */,
			);
			path = PomeloLanguage;
			sourceTree = "<group>";
		};
		EDD722E623F457BB00191639 /* vm */ = {
			isa = PBXGroup;
			children = (
				EDD722E723F457EB00191639 /* PLVM.cpp */,
				EDD722E823F457EB00191639 /* PLVM.hpp */,
			);
			path = vm;
			sourceTree = "<group>";
		};
		EDD722EA23F45A1500191639 /* LexParser */ = {
			isa = PBXGroup;
			children = (
				EDD722EB23F45A4000191639 /* PLLexParser.cpp */,
				EDD722EC23F45A4000191639 /* PLLexParser.hpp */,
			);
			path = LexParser;
			sourceTree = "<group>";
		};
		EDD722EE23F45C4100191639 /* Object */ = {
			isa = PBXGroup;
			children = (
				EDD722EF23F45C6100191639 /* PLObject.cpp */,
				EDD722F023F45C6100191639 /* PLObject.hpp */,
			);
			path = Object;
			sourceTree = "<group>";
		};
/* End PBXGroup section */

/* Begin PBXNativeTarget section */
		EDD71DC923F2FDF600191639 /* PomeloLanguage */ = {
			isa = PBXNativeTarget;
			buildConfigurationList = EDD71DD123F2FDF600191639 /* Build configuration list for PBXNativeTarget "PomeloLanguage" */;
			buildPhases = (
				EDD71DC623F2FDF600191639 /* Sources */,
				EDD71DC723F2FDF600191639 /* Frameworks */,
				EDD71DC823F2FDF600191639 /* CopyFiles */,
			);
			buildRules = (
			);
			dependencies = (
			);
			name = PomeloLanguage;
			productName = PomeloLanguage;
			productReference = EDD71DCA23F2FDF600191639 /* PomeloLanguage */;
			productType = "com.apple.product-type.tool";
		};
/* End PBXNativeTarget section */

/* Begin PBXProject section */
		EDD71DC223F2FDF600191639 /* Project object */ = {
			isa = PBXProject;
			attributes = {
				LastUpgradeCheck = 1100;
				ORGANIZATIONNAME = "徐仲平";
				TargetAttributes = {
					EDD71DC923F2FDF600191639 = {
						CreatedOnToolsVersion = 11.0;
					};
				};
			};
			buildConfigurationList = EDD71DC523F2FDF600191639 /* Build configuration list for PBXProject "PomeloLanguage" */;
			compatibilityVersion = "Xcode 9.3";
			developmentRegion = en;
			hasScannedForEncodings = 0;
			knownRegions = (
				en,
				Base,
			);
			mainGroup = EDD71DC123F2FDF600191639;
			productRefGroup = EDD71DCB23F2FDF600191639 /* Products */;
			projectDirPath = "";
			projectRoot = "";
			targets = (
				EDD71DC923F2FDF600191639 /* PomeloLanguage */,
			);
		};
/* End PBXProject section */

/* Begin PBXSourcesBuildPhase section */
		EDD71DC623F2FDF600191639 /* Sources */ = {
			isa = PBXSourcesBuildPhase;
			buildActionMask = 2147483647;
			files = (
				EDD71DCE23F2FDF600191639 /* main.cpp in Sources */,
				EDD722F123F45C6100191639 /* PLObject.cpp in Sources */,
				EDD722E923F457EB00191639 /* PLVM.cpp in Sources */,
				EDD722ED23F45A4000191639 /* PLLexParser.cpp in Sources */,
			);
			runOnlyForDeploymentPostprocessing = 0;
		};
/* End PBXSourcesBuildPhase section */

/* Begin XCBuildConfiguration section */
		EDD71DCF23F2FDF600191639 /* Debug */ = {
			isa = XCBuildConfiguration;
			buildSettings = {
				ALWAYS_SEARCH_USER_PATHS = NO;
				CLANG_ANALYZER_NONNULL = YES;
				CLANG_ANALYZER_NUMBER_OBJECT_CONVERSION = YES_AGGRESSIVE;
				CLANG_CXX_LANGUAGE_STANDARD = "gnu++14";
				CLANG_CXX_LIBRARY = "libc++";
				CLANG_ENABLE_MODULES = YES;
				CLANG_ENABLE_OBJC_ARC = YES;
				CLANG_ENABLE_OBJC_WEAK = YES;
				CLANG_WARN_BLOCK_CAPTURE_AUTORELEASING = YES;
				CLANG_WARN_BOOL_CONVERSION = YES;
				CLANG_WARN_COMMA = YES;
				CLANG_WARN_CONSTANT_CONVERSION = YES;
				CLANG_WARN_DEPRECATED_OBJC_IMPLEMENTATIONS = YES;
				CLANG_WARN_DIRECT_OBJC_ISA_USAGE = YES_ERROR;
				CLANG_WARN_DOCUMENTATION_COMMENTS = YES;
				CLANG_WARN_EMPTY_BODY = YES;
				CLANG_WARN_ENUM_CONVERSION = YES;
				CLANG_WARN_INFINITE_RECURSION = YES;
				CLANG_WARN_INT_CONVERSION = YES;
				CLANG_WARN_NON_LITERAL_NULL_CONVERSION = YES;
				CLANG_WARN_OBJC_IMPLICIT_RETAIN_SELF = YES;
				CLANG_WARN_OBJC_LITERAL_CONVERSION = YES;
				CLANG_WARN_OBJC_ROOT_CLASS = YES_ERROR;
				CLANG_WARN_RANGE_LOOP_ANALYSIS = YES;
				CLANG_WARN_STRICT_PROTOTYPES = YES;
				CLANG_WARN_SUSPICIOUS_MOVE = YES;
				CLANG_WARN_UNGUARDED_AVAILABILITY = YES_AGGRESSIVE;
				CLANG_WARN_UNREACHABLE_CODE = YES;
				CLANG_WARN__DUPLICATE_METHOD_MATCH = YES;
				COPY_PHASE_STRIP = NO;
				DEBUG_INFORMATION_FORMAT = dwarf;
				ENABLE_STRICT_OBJC_MSGSEND = YES;
				ENABLE_TESTABILITY = YES;
				GCC_C_LANGUAGE_STANDARD = gnu11;
				GCC_DYNAMIC_NO_PIC = NO;
				GCC_NO_COMMON_BLOCKS = YES;
				GCC_OPTIMIZATION_LEVEL = 0;
				GCC_PREPROCESSOR_DEFINITIONS = (
					"DEBUG=1",
					"$(inherited)",
				);
				GCC_WARN_64_TO_32_BIT_CONVERSION = YES;
				GCC_WARN_ABOUT_RETURN_TYPE = YES_ERROR;
				GCC_WARN_UNDECLARED_SELECTOR = YES;
				GCC_WARN_UNINITIALIZED_AUTOS = YES_AGGRESSIVE;
				GCC_WARN_UNUSED_FUNCTION = YES;
				GCC_WARN_UNUSED_VARIABLE = YES;
				MACOSX_DEPLOYMENT_TARGET = 10.15;
				MTL_ENABLE_DEBUG_INFO = INCLUDE_SOURCE;
				MTL_FAST_MATH = YES;
				ONLY_ACTIVE_ARCH = YES;
				SDKROOT = macosx;
			};
			name = Debug;
		};
		EDD71DD023F2FDF600191639 /* Release */ = {
			isa = XCBuildConfiguration;
			buildSettings = {
				ALWAYS_SEARCH_USER_PATHS = NO;
				CLANG_ANALYZER_NONNULL = YES;
				CLANG_ANALYZER_NUMBER_OBJECT_CONVERSION = YES_AGGRESSIVE;
				CLANG_CXX_LANGUAGE_STANDARD = "gnu++14";
				CLANG_CXX_LIBRARY = "libc++";
				CLANG_ENABLE_MODULES = YES;
				CLANG_ENABLE_OBJC_ARC = YES;
				CLANG_ENABLE_OBJC_WEAK = YES;
				CLANG_WARN_BLOCK_CAPTURE_AUTORELEASING = YES;
				CLANG_WARN_BOOL_CONVERSION = YES;
				CLANG_WARN_COMMA = YES;
				CLANG_WARN_CONSTANT_CONVERSION = YES;
				CLANG_WARN_DEPRECATED_OBJC_IMPLEMENTATIONS = YES;
				CLANG_WARN_DIRECT_OBJC_ISA_USAGE = YES_ERROR;
				CLANG_WARN_DOCUMENTATION_COMMENTS = YES;
				CLANG_WARN_EMPTY_BODY = YES;
				CLANG_WARN_ENUM_CONVERSION = YES;
				CLANG_WARN_INFINITE_RECURSION = YES;
				CLANG_WARN_INT_CONVERSION = YES;
				CLANG_WARN_NON_LITERAL_NULL_CONVERSION = YES;
				CLANG_WARN_OBJC_IMPLICIT_RETAIN_SELF = YES;
				CLANG_WARN_OBJC_LITERAL_CONVERSION = YES;
				CLANG_WARN_OBJC_ROOT_CLASS = YES_ERROR;
				CLANG_WARN_RANGE_LOOP_ANALYSIS = YES;
				CLANG_WARN_STRICT_PROTOTYPES = YES;
				CLANG_WARN_SUSPICIOUS_MOVE = YES;
				CLANG_WARN_UNGUARDED_AVAILABILITY = YES_AGGRESSIVE;
				CLANG_WARN_UNREACHABLE_CODE = YES;
				CLANG_WARN__DUPLICATE_METHOD_MATCH = YES;
				COPY_PHASE_STRIP = NO;
				DEBUG_INFORMATION_FORMAT = "dwarf-with-dsym";
				ENABLE_NS_ASSERTIONS = NO;
				ENABLE_STRICT_OBJC_MSGSEND = YES;
				GCC_C_LANGUAGE_STANDARD = gnu11;
				GCC_NO_COMMON_BLOCKS = YES;
				GCC_WARN_64_TO_32_BIT_CONVERSION = YES;
				GCC_WARN_ABOUT_RETURN_TYPE = YES_ERROR;
				GCC_WARN_UNDECLARED_SELECTOR = YES;
				GCC_WARN_UNINITIALIZED_AUTOS = YES_AGGRESSIVE;
				GCC_WARN_UNUSED_FUNCTION = YES;
				GCC_WARN_UNUSED_VARIABLE = YES;
				MACOSX_DEPLOYMENT_TARGET = 10.15;
				MTL_ENABLE_DEBUG_INFO = NO;
				MTL_FAST_MATH = YES;
				SDKROOT = macosx;
			};
			name = Release;
		};
		EDD71DD223F2FDF600191639 /* Debug */ = {
			isa = XCBuildConfiguration;
			buildSettings = {
				CODE_SIGN_STYLE = Automatic;
				DEVELOPMENT_TEAM = 94Z9LKE2W7;
				ENABLE_HARDENED_RUNTIME = YES;
				PRODUCT_NAME = "$(TARGET_NAME)";
			};
			name = Debug;
		};
		EDD71DD323F2FDF600191639 /* Release */ = {
			isa = XCBuildConfiguration;
			buildSettings = {
				CODE_SIGN_STYLE = Automatic;
				DEVELOPMENT_TEAM = 94Z9LKE2W7;
				ENABLE_HARDENED_RUNTIME = YES;
				PRODUCT_NAME = "$(TARGET_NAME)";
			};
			name = Release;
		};
/* End XCBuildConfiguration section */

/* Begin XCConfigurationList section */
		EDD71DC523F2FDF600191639 /* Build configuration list for PBXProject "PomeloLanguage" */ = {
			isa = XCConfigurationList;
			buildConfigurations = (
				EDD71DCF23F2FDF600191639 /* Debug */,
				EDD71DD023F2FDF600191639 /* Release */,
			);
			defaultConfigurationIsVisible = 0;
			defaultConfigurationName = Release;
		};
		EDD71DD123F2FDF600191639 /* Build configuration list for PBXNativeTarget "PomeloLanguage" */ = {
			isa = XCConfigurationList;
			buildConfigurations = (
				EDD71DD223F2FDF600191639 /* Debug */,
				EDD71DD323F2FDF600191639 /* Release */,
			);
			defaultConfigurationIsVisible = 0;
			defaultConfigurationName = Release;
		};
/* End XCConfigurationList section */
	};
	rootObject = EDD71DC223F2FDF600191639 /* Project object */;
}
